// !$*UTF8*$!
{
	archiveVersion = 1;
	classes = {
	};
	objectVersion = 50;
	objects = {

/* Begin PBXBuildFile section */
		F74F16AE2593771F00F79345 /* Grid.swift in Sources */ = {isa = PBXBuildFile; fileRef = F74F16AD2593771F00F79345 /* Grid.swift */; };
		F74F16B125937B6800F79345 /* GridLayout.swift in Sources */ = {isa = PBXBuildFile; fileRef = F74F16B025937B6800F79345 /* GridLayout.swift */; };
		F74F16B425937E3300F79345 /* Array+Identifiable.swift in Sources */ = {isa = PBXBuildFile; fileRef = F74F16B325937E3300F79345 /* Array+Identifiable.swift */; };
		F74F16B725938CE900F79345 /* Array+Only.swift in Sources */ = {isa = PBXBuildFile; fileRef = F74F16B625938CE900F79345 /* Array+Only.swift */; };
		F757D550258F34B900A4B251 /* MemorizeApp.swift in Sources */ = {isa = PBXBuildFile; fileRef = F757D54F258F34B900A4B251 /* MemorizeApp.swift */; };
		F757D552258F34B900A4B251 /* EmojiMemoryGameView.swift in Sources */ = {isa = PBXBuildFile; fileRef = F757D551258F34B900A4B251 /* EmojiMemoryGameView.swift */; };
		F757D554258F34BA00A4B251 /* Assets.xcassets in Resources */ = {isa = PBXBuildFile; fileRef = F757D553258F34BA00A4B251 /* Assets.xcassets */; };
		F757D557258F34BA00A4B251 /* Preview Assets.xcassets in Resources */ = {isa = PBXBuildFile; fileRef = F757D556258F34BA00A4B251 /* Preview Assets.xcassets */; };
		F76DA9002594D51000799A00 /* GameTheme.swift in Sources */ = {isa = PBXBuildFile; fileRef = F76DA8FF2594D51000799A00 /* GameTheme.swift */; };
		F7725FA92590D04900A45372 /* MemoryGame.swift in Sources */ = {isa = PBXBuildFile; fileRef = F7725FA82590D04900A45372 /* MemoryGame.swift */; };
		F7725FAC2590D26300A45372 /* EmojiMemoryGame.swift in Sources */ = {isa = PBXBuildFile; fileRef = F7725FAB2590D26300A45372 /* EmojiMemoryGame.swift */; };
		F7870C942599D94400E02CDA /* Pie.swift in Sources */ = {isa = PBXBuildFile; fileRef = F7870C932599D94400E02CDA /* Pie.swift */; };
		F7870C982599DEAA00E02CDA /* Cardify.swift in Sources */ = {isa = PBXBuildFile; fileRef = F7870C972599DEAA00E02CDA /* Cardify.swift */; };
/* End PBXBuildFile section */

/* Begin PBXFileReference section */
		F74F16AD2593771F00F79345 /* Grid.swift */ = {isa = PBXFileReference; lastKnownFileType = sourcecode.swift; path = Grid.swift; sourceTree = "<group>"; };
		F74F16B025937B6800F79345 /* GridLayout.swift */ = {isa = PBXFileReference; fileEncoding = 4; lastKnownFileType = sourcecode.swift; path = GridLayout.swift; sourceTree = "<group>"; };
		F74F16B325937E3300F79345 /* Array+Identifiable.swift */ = {isa = PBXFileReference; lastKnownFileType = sourcecode.swift; path = "Array+Identifiable.swift"; sourceTree = "<group>"; };
		F74F16B625938CE900F79345 /* Array+Only.swift */ = {isa = PBXFileReference; lastKnownFileType = sourcecode.swift; path = "Array+Only.swift"; sourceTree = "<group>"; };
		F757D54C258F34B900A4B251 /* Memorize.app */ = {isa = PBXFileReference; explicitFileType = wrapper.application; includeInIndex = 0; path = Memorize.app; sourceTree = BUILT_PRODUCTS_DIR; };
		F757D54F258F34B900A4B251 /* MemorizeApp.swift */ = {isa = PBXFileReference; lastKnownFileType = sourcecode.swift; path = MemorizeApp.swift; sourceTree = "<group>"; };
		F757D551258F34B900A4B251 /* EmojiMemoryGameView.swift */ = {isa = PBXFileReference; lastKnownFileType = sourcecode.swift; path = EmojiMemoryGameView.swift; sourceTree = "<group>"; };
		F757D553258F34BA00A4B251 /* Assets.xcassets */ = {isa = PBXFileReference; lastKnownFileType = folder.assetcatalog; path = Assets.xcassets; sourceTree = "<group>"; };
		F757D556258F34BA00A4B251 /* Preview Assets.xcassets */ = {isa = PBXFileReference; lastKnownFileType = folder.assetcatalog; path = "Preview Assets.xcassets"; sourceTree = "<group>"; };
		F757D558258F34BA00A4B251 /* Info.plist */ = {isa = PBXFileReference; lastKnownFileType = text.plist.xml; path = Info.plist; sourceTree = "<group>"; };
		F76DA8FF2594D51000799A00 /* GameTheme.swift */ = {isa = PBXFileReference; lastKnownFileType = sourcecode.swift; path = GameTheme.swift; sourceTree = "<group>"; };
		F7725FA82590D04900A45372 /* MemoryGame.swift */ = {isa = PBXFileReference; lastKnownFileType = sourcecode.swift; path = MemoryGame.swift; sourceTree = "<group>"; };
		F7725FAB2590D26300A45372 /* EmojiMemoryGame.swift */ = {isa = PBXFileReference; lastKnownFileType = sourcecode.swift; path = EmojiMemoryGame.swift; sourceTree = "<group>"; };
		F7870C932599D94400E02CDA /* Pie.swift */ = {isa = PBXFileReference; lastKnownFileType = sourcecode.swift; path = Pie.swift; sourceTree = "<group>"; };
		F7870C972599DEAA00E02CDA /* Cardify.swift */ = {isa = PBXFileReference; lastKnownFileType = sourcecode.swift; path = Cardify.swift; sourceTree = "<group>"; };
/* End PBXFileReference section */

/* Begin PBXFrameworksBuildPhase section */
		F757D549258F34B900A4B251 /* Frameworks */ = {
			isa = PBXFrameworksBuildPhase;
			buildActionMask = 2147483647;
			files = (
			);
			runOnlyForDeploymentPostprocessing = 0;
		};
/* End PBXFrameworksBuildPhase section */

/* Begin PBXGroup section */
		F757D543258F34B900A4B251 = {
			isa = PBXGroup;
			children = (
				F757D54E258F34B900A4B251 /* Memorize */,
				F757D54D258F34B900A4B251 /* Products */,
			);
			sourceTree = "<group>";
		};
		F757D54D258F34B900A4B251 /* Products */ = {
			isa = PBXGroup;
			children = (
				F757D54C258F34B900A4B251 /* Memorize.app */,
			);
			name = Products;
			sourceTree = "<group>";
		};
		F757D54E258F34B900A4B251 /* Memorize */ = {
			isa = PBXGroup;
			children = (
				F757D54F258F34B900A4B251 /* MemorizeApp.swift */,
				F757D551258F34B900A4B251 /* EmojiMemoryGameView.swift */,
				F7870C972599DEAA00E02CDA /* Cardify.swift */,
				F7870C932599D94400E02CDA /* Pie.swift */,
				F7725FAB2590D26300A45372 /* EmojiMemoryGame.swift */,
				F7725FA82590D04900A45372 /* MemoryGame.swift */,
				F76DA8FF2594D51000799A00 /* GameTheme.swift */,
				F74F16AD2593771F00F79345 /* Grid.swift */,
				F74F16B025937B6800F79345 /* GridLayout.swift */,
				F74F16B325937E3300F79345 /* Array+Identifiable.swift */,
				F74F16B625938CE900F79345 /* Array+Only.swift */,
				F757D553258F34BA00A4B251 /* Assets.xcassets */,
				F757D558258F34BA00A4B251 /* Info.plist */,
				F757D555258F34BA00A4B251 /* Preview Content */,
			);
			path = Memorize;
			sourceTree = "<group>";
		};
		F757D555258F34BA00A4B251 /* Preview Content */ = {
			isa = PBXGroup;
			children = (
				F757D556258F34BA00A4B251 /* Preview Assets.xcassets */,
			);
			path = "Preview Content";
			sourceTree = "<group>";
		};
/* End PBXGroup section */

/* Begin PBXNativeTarget section */
		F757D54B258F34B900A4B251 /* Memorize */ = {
			isa = PBXNativeTarget;
			buildConfigurationList = F757D55B258F34BA00A4B251 /* Build configuration list for PBXNativeTarget "Memorize" */;
			buildPhases = (
				F757D548258F34B900A4B251 /* Sources */,
				F757D549258F34B900A4B251 /* Frameworks */,
				F757D54A258F34B900A4B251 /* Resources */,
			);
			buildRules = (
			);
			dependencies = (
			);
			name = Memorize;
			productName = Memorize;
			productReference = F757D54C258F34B900A4B251 /* Memorize.app */;
			productType = "com.apple.product-type.application";
		};
/* End PBXNativeTarget section */

/* Begin PBXProject section */
		F757D544258F34B900A4B251 /* Project object */ = {
			isa = PBXProject;
			attributes = {
				LastSwiftUpdateCheck = 1230;
				LastUpgradeCheck = 1230;
				TargetAttributes = {
					F757D54B258F34B900A4B251 = {
						CreatedOnToolsVersion = 12.3;
					};
				};
			};
			buildConfigurationList = F757D547258F34B900A4B251 /* Build configuration list for PBXProject "Memorize" */;
			compatibilityVersion = "Xcode 9.3";
			developmentRegion = en;
			hasScannedForEncodings = 0;
			knownRegions = (
				en,
				Base,
			);
			mainGroup = F757D543258F34B900A4B251;
			productRefGroup = F757D54D258F34B900A4B251 /* Products */;
			projectDirPath = "";
			projectRoot = "";
			targets = (
				F757D54B258F34B900A4B251 /* Memorize */,
			);
		};
/* End PBXProject section */

/* Begin PBXResourcesBuildPhase section */
		F757D54A258F34B900A4B251 /* Resources */ = {
			isa = PBXResourcesBuildPhase;
			buildActionMask = 2147483647;
			files = (
				F757D557258F34BA00A4B251 /* Preview Assets.xcassets in Resources */,
				F757D554258F34BA00A4B251 /* Assets.xcassets in Resources */,
			);
			runOnlyForDeploymentPostprocessing = 0;
		};
/* End PBXResourcesBuildPhase section */

/* Begin PBXSourcesBuildPhase section */
		F757D548258F34B900A4B251 /* Sources */ = {
			isa = PBXSourcesBuildPhase;
			buildActionMask = 2147483647;
			files = (
				F7870C982599DEAA00E02CDA /* Cardify.swift in Sources */,
				F76DA9002594D51000799A00 /* GameTheme.swift in Sources */,
				F7725FA92590D04900A45372 /* MemoryGame.swift in Sources */,
				F757D552258F34B900A4B251 /* EmojiMemoryGameView.swift in Sources */,
				F757D550258F34B900A4B251 /* MemorizeApp.swift in Sources */,
				F7870C942599D94400E02CDA /* Pie.swift in Sources */,
				F74F16B125937B6800F79345 /* GridLayout.swift in Sources */,
				F74F16AE2593771F00F79345 /* Grid.swift in Sources */,
				F74F16B425937E3300F79345 /* Array+Identifiable.swift in Sources */,
				F7725FAC2590D26300A45372 /* EmojiMemoryGame.swift in Sources */,
				F74F16B725938CE900F79345 /* Array+Only.swift in Sources */,
			);
			runOnlyForDeploymentPostprocessing = 0;
		};
/* End PBXSourcesBuildPhase section */

/* Begin XCBuildConfiguration section */
		F757D559258F34BA00A4B251 /* Debug */ = {
			isa = XCBuildConfiguration;
			buildSettings = {
				ALWAYS_SEARCH_USER_PATHS = NO;
				CLANG_ANALYZER_NONNULL = YES;
				CLANG_ANALYZER_NUMBER_OBJECT_CONVERSION = YES_AGGRESSIVE;
				CLANG_CXX_LANGUAGE_STANDARD = "gnu++14";
				CLANG_CXX_LIBRARY = "libc++";
				CLANG_ENABLE_MODULES = YES;
				CLANG_ENABLE_OBJC_ARC = YES;
				CLANG_ENABLE_OBJC_WEAK = YES;
				CLANG_WARN_BLOCK_CAPTURE_AUTORELEASING = YES;
				CLANG_WARN_BOOL_CONVERSION = YES;
				CLANG_WARN_COMMA = YES;
				CLANG_WARN_CONSTANT_CONVERSION = YES;
				CLANG_WARN_DEPRECATED_OBJC_IMPLEMENTATIONS = YES;
				CLANG_WARN_DIRECT_OBJC_ISA_USAGE = YES_ERROR;
				CLANG_WARN_DOCUMENTATION_COMMENTS = YES;
				CLANG_WARN_EMPTY_BODY = YES;
				CLANG_WARN_ENUM_CONVERSION = YES;
				CLANG_WARN_INFINITE_RECURSION = YES;
				CLANG_WARN_INT_CONVERSION = YES;
				CLANG_WARN_NON_LITERAL_NULL_CONVERSION = YES;
				CLANG_WARN_OBJC_IMPLICIT_RETAIN_SELF = YES;
				CLANG_WARN_OBJC_LITERAL_CONVERSION = YES;
				CLANG_WARN_OBJC_ROOT_CLASS = YES_ERROR;
				CLANG_WARN_QUOTED_INCLUDE_IN_FRAMEWORK_HEADER = YES;
				CLANG_WARN_RANGE_LOOP_ANALYSIS = YES;
				CLANG_WARN_STRICT_PROTOTYPES = YES;
				CLANG_WARN_SUSPICIOUS_MOVE = YES;
				CLANG_WARN_UNGUARDED_AVAILABILITY = YES_AGGRESSIVE;
				CLANG_WARN_UNREACHABLE_CODE = YES;
				CLANG_WARN__DUPLICATE_METHOD_MATCH = YES;
				COPY_PHASE_STRIP = NO;
				DEBUG_INFORMATION_FORMAT = dwarf;
				ENABLE_STRICT_OBJC_MSGSEND = YES;
				ENABLE_TESTABILITY = YES;
				GCC_C_LANGUAGE_STANDARD = gnu11;
				GCC_DYNAMIC_NO_PIC = NO;
				GCC_NO_COMMON_BLOCKS = YES;
				GCC_OPTIMIZATION_LEVEL = 0;
				GCC_PREPROCESSOR_DEFINITIONS = (
					"DEBUG=1",
					"$(inherited)",
				);
				GCC_WARN_64_TO_32_BIT_CONVERSION = YES;
				GCC_WARN_ABOUT_RETURN_TYPE = YES_ERROR;
				GCC_WARN_UNDECLARED_SELECTOR = YES;
				GCC_WARN_UNINITIALIZED_AUTOS = YES_AGGRESSIVE;
				GCC_WARN_UNUSED_FUNCTION = YES;
				GCC_WARN_UNUSED_VARIABLE = YES;
				IPHONEOS_DEPLOYMENT_TARGET = 14.3;
				MTL_ENABLE_DEBUG_INFO = INCLUDE_SOURCE;
				MTL_FAST_MATH = YES;
				ONLY_ACTIVE_ARCH = YES;
				SDKROOT = iphoneos;
				SWIFT_ACTIVE_COMPILATION_CONDITIONS = DEBUG;
				SWIFT_OPTIMIZATION_LEVEL = "-Onone";
			};
			name = Debug;
		};
		F757D55A258F34BA00A4B251 /* Release */ = {
			isa = XCBuildConfiguration;
			buildSettings = {
				ALWAYS_SEARCH_USER_PATHS = NO;
				CLANG_ANALYZER_NONNULL = YES;
				CLANG_ANALYZER_NUMBER_OBJECT_CONVERSION = YES_AGGRESSIVE;
				CLANG_CXX_LANGUAGE_STANDARD = "gnu++14";
				CLANG_CXX_LIBRARY = "libc++";
				CLANG_ENABLE_MODULES = YES;
				CLANG_ENABLE_OBJC_ARC = YES;
				CLANG_ENABLE_OBJC_WEAK = YES;
				CLANG_WARN_BLOCK_CAPTURE_AUTORELEASING = YES;
				CLANG_WARN_BOOL_CONVERSION = YES;
				CLANG_WARN_COMMA = YES;
				CLANG_WARN_CONSTANT_CONVERSION = YES;
				CLANG_WARN_DEPRECATED_OBJC_IMPLEMENTATIONS = YES;
				CLANG_WARN_DIRECT_OBJC_ISA_USAGE = YES_ERROR;
				CLANG_WARN_DOCUMENTATION_COMMENTS = YES;
				CLANG_WARN_EMPTY_BODY = YES;
				CLANG_WARN_ENUM_CONVERSION = YES;
				CLANG_WARN_INFINITE_RECURSION = YES;
				CLANG_WARN_INT_CONVERSION = YES;
				CLANG_WARN_NON_LITERAL_NULL_CONVERSION = YES;
				CLANG_WARN_OBJC_IMPLICIT_RETAIN_SELF = YES;
				CLANG_WARN_OBJC_LITERAL_CONVERSION = YES;
				CLANG_WARN_OBJC_ROOT_CLASS = YES_ERROR;
				CLANG_WARN_QUOTED_INCLUDE_IN_FRAMEWORK_HEADER = YES;
				CLANG_WARN_RANGE_LOOP_ANALYSIS = YES;
				CLANG_WARN_STRICT_PROTOTYPES = YES;
				CLANG_WARN_SUSPICIOUS_MOVE = YES;
				CLANG_WARN_UNGUARDED_AVAILABILITY = YES_AGGRESSIVE;
				CLANG_WARN_UNREACHABLE_CODE = YES;
				CLANG_WARN__DUPLICATE_METHOD_MATCH = YES;
				COPY_PHASE_STRIP = NO;
				DEBUG_INFORMATION_FORMAT = "dwarf-with-dsym";
				ENABLE_NS_ASSERTIONS = NO;
				ENABLE_STRICT_OBJC_MSGSEND = YES;
				GCC_C_LANGUAGE_STANDARD = gnu11;
				GCC_NO_COMMON_BLOCKS = YES;
				GCC_WARN_64_TO_32_BIT_CONVERSION = YES;
				GCC_WARN_ABOUT_RETURN_TYPE = YES_ERROR;
				GCC_WARN_UNDECLARED_SELECTOR = YES;
				GCC_WARN_UNINITIALIZED_AUTOS = YES_AGGRESSIVE;
				GCC_WARN_UNUSED_FUNCTION = YES;
				GCC_WARN_UNUSED_VARIABLE = YES;
				IPHONEOS_DEPLOYMENT_TARGET = 14.3;
				MTL_ENABLE_DEBUG_INFO = NO;
				MTL_FAST_MATH = YES;
				SDKROOT = iphoneos;
				SWIFT_COMPILATION_MODE = wholemodule;
				SWIFT_OPTIMIZATION_LEVEL = "-O";
				VALIDATE_PRODUCT = YES;
			};
			name = Release;
		};
		F757D55C258F34BA00A4B251 /* Debug */ = {
			isa = XCBuildConfiguration;
			buildSettings = {
				ASSETCATALOG_COMPILER_APPICON_NAME = AppIcon;
				ASSETCATALOG_COMPILER_GLOBAL_ACCENT_COLOR_NAME = AccentColor;
				CODE_SIGN_STYLE = Automatic;
				DEVELOPMENT_ASSET_PATHS = "\"Memorize/Preview Content\"";
				DEVELOPMENT_TEAM = 42L6GB6DU6;
				ENABLE_PREVIEWS = YES;
				INFOPLIST_FILE = Memorize/Info.plist;
				IPHONEOS_DEPLOYMENT_TARGET = 14.0;
				LD_RUNPATH_SEARCH_PATHS = (
					"$(inherited)",
					"@executable_path/Frameworks",
				);
				PRODUCT_BUNDLE_IDENTIFIER = com.rdan.Memorize;
				PRODUCT_NAME = "$(TARGET_NAME)";
				SWIFT_VERSION = 5.0;
				TARGETED_DEVICE_FAMILY = "1,2";
			};
			name = Debug;
		};
		F757D55D258F34BA00A4B251 /* Release */ = {
			isa = XCBuildConfiguration;
			buildSettings = {
				ASSETCATALOG_COMPILER_APPICON_NAME = AppIcon;
				ASSETCATALOG_COMPILER_GLOBAL_ACCENT_COLOR_NAME = AccentColor;
				CODE_SIGN_STYLE = Automatic;
				DEVELOPMENT_ASSET_PATHS = "\"Memorize/Preview Content\"";
				DEVELOPMENT_TEAM = 42L6GB6DU6;
				ENABLE_PREVIEWS = YES;
				INFOPLIST_FILE = Memorize/Info.plist;
				IPHONEOS_DEPLOYMENT_TARGET = 14.0;
				LD_RUNPATH_SEARCH_PATHS = (
					"$(inherited)",
					"@executable_path/Frameworks",
				);
				PRODUCT_BUNDLE_IDENTIFIER = com.rdan.Memorize;
				PRODUCT_NAME = "$(TARGET_NAME)";
				SWIFT_VERSION = 5.0;
				TARGETED_DEVICE_FAMILY = "1,2";
			};
			name = Release;
		};
/* End XCBuildConfiguration section */

/* Begin XCConfigurationList section */
		F757D547258F34B900A4B251 /* Build configuration list for PBXProject "Memorize" */ = {
			isa = XCConfigurationList;
			buildConfigurations = (
				F757D559258F34BA00A4B251 /* Debug */,
				F757D55A258F34BA00A4B251 /* Release */,
			);
			defaultConfigurationIsVisible = 0;
			defaultConfigurationName = Release;
		};
		F757D55B258F34BA00A4B251 /* Build configuration list for PBXNativeTarget "Memorize" */ = {
			isa = XCConfigurationList;
			buildConfigurations = (
				F757D55C258F34BA00A4B251 /* Debug */,
				F757D55D258F34BA00A4B251 /* Release */,
			);
			defaultConfigurationIsVisible = 0;
			defaultConfigurationName = Release;
		};
/* End XCConfigurationList section */
	};
	rootObject = F757D544258F34B900A4B251 /* Project object */;
}
